# This file is automatically @generated by Poetry 1.8.2 and should not be changed by hand.

[[package]]
name = "aiogrpcclient"
version = "1.3.5"
description = ""
optional = false
python-versions = ">=3.8"
files = [
    {file = "aiogrpcclient-1.3.5-py3-none-any.whl", hash = "sha256:dec46a71f720f9eb75aceec746a24667ca61e6d2f177088066fa4486976ff03b"},
]

[package.dependencies]
aiokit = ">=1.2.2"
grpcio = ">=1.45.0"
izihawa-utils = ">=1.0.2"
orjson = ">=3.6.8"
protobuf = ">=3.19.4"
pyyaml = ">=6.0"
termcolor = ">=1.1.0"

[[package]]
name = "aiokit"
version = "1.3.7"
description = "Routines for asynchronous programming"
optional = false
python-versions = ">=3.8,<4.0"
files = [
    {file = "aiokit-1.3.7-py3-none-any.whl", hash = "sha256:f7fe1327d583a7941c6d99ba35b33ccfc587c7a111d9d325cf9c630632a5dc0a"},
    {file = "aiokit-1.3.7.tar.gz", hash = "sha256:414936b1f31e4c4a676c4b22151f89439370db6d8451f0764d02c5744b180c1d"},
]

[[package]]
name = "grpcio"
version = "1.62.2"
description = "HTTP/2-based RPC framework"
optional = false
python-versions = ">=3.7"
files = [
    {file = "grpcio-1.62.2-cp310-cp310-linux_armv7l.whl", hash = "sha256:66344ea741124c38588a664237ac2fa16dfd226964cca23ddc96bd4accccbde5"},
    {file = "grpcio-1.62.2-cp310-cp310-macosx_12_0_universal2.whl", hash = "sha256:5dab7ac2c1e7cb6179c6bfad6b63174851102cbe0682294e6b1d6f0981ad7138"},
    {file = "grpcio-1.62.2-cp310-cp310-manylinux_2_17_aarch64.whl", hash = "sha256:3ad00f3f0718894749d5a8bb0fa125a7980a2f49523731a9b1fabf2b3522aa43"},
    {file = "grpcio-1.62.2-cp310-cp310-manylinux_2_17_i686.manylinux2014_i686.whl", hash = "sha256:2e72ddfee62430ea80133d2cbe788e0d06b12f865765cb24a40009668bd8ea05"},
    {file = "grpcio-1.62.2-cp310-cp310-manylinux_2_17_x86_64.manylinux2014_x86_64.whl", hash = "sha256:53d3a59a10af4c2558a8e563aed9f256259d2992ae0d3037817b2155f0341de1"},
    {file = "grpcio-1.62.2-cp310-cp310-musllinux_1_1_i686.whl", hash = "sha256:a1511a303f8074f67af4119275b4f954189e8313541da7b88b1b3a71425cdb10"},
    {file = "grpcio-1.62.2-cp310-cp310-musllinux_1_1_x86_64.whl", hash = "sha256:b94d41b7412ef149743fbc3178e59d95228a7064c5ab4760ae82b562bdffb199"},
    {file = "grpcio-1.62.2-cp310-cp310-win32.whl", hash = "sha256:a75af2fc7cb1fe25785be7bed1ab18cef959a376cdae7c6870184307614caa3f"},
    {file = "grpcio-1.62.2-cp310-cp310-win_amd64.whl", hash = "sha256:80407bc007754f108dc2061e37480238b0dc1952c855e86a4fc283501ee6bb5d"},
    {file = "grpcio-1.62.2-cp311-cp311-linux_armv7l.whl", hash = "sha256:c1624aa686d4b36790ed1c2e2306cc3498778dffaf7b8dd47066cf819028c3ad"},
    {file = "grpcio-1.62.2-cp311-cp311-macosx_10_10_universal2.whl", hash = "sha256:1c1bb80299bdef33309dff03932264636450c8fdb142ea39f47e06a7153d3063"},
    {file = "grpcio-1.62.2-cp311-cp311-manylinux_2_17_aarch64.whl", hash = "sha256:db068bbc9b1fa16479a82e1ecf172a93874540cb84be69f0b9cb9b7ac3c82670"},
    {file = "grpcio-1.62.2-cp311-cp311-manylinux_2_17_i686.manylinux2014_i686.whl", hash = "sha256:e2cc8a308780edbe2c4913d6a49dbdb5befacdf72d489a368566be44cadaef1a"},
    {file = "grpcio-1.62.2-cp311-cp311-manylinux_2_17_x86_64.manylinux2014_x86_64.whl", hash = "sha256:d0695ae31a89f1a8fc8256050329a91a9995b549a88619263a594ca31b76d756"},
    {file = "grpcio-1.62.2-cp311-cp311-musllinux_1_1_i686.whl", hash = "sha256:88b4f9ee77191dcdd8810241e89340a12cbe050be3e0d5f2f091c15571cd3930"},
    {file = "grpcio-1.62.2-cp311-cp311-musllinux_1_1_x86_64.whl", hash = "sha256:2a0204532aa2f1afd467024b02b4069246320405bc18abec7babab03e2644e75"},
    {file = "grpcio-1.62.2-cp311-cp311-win32.whl", hash = "sha256:6e784f60e575a0de554ef9251cbc2ceb8790914fe324f11e28450047f264ee6f"},
    {file = "grpcio-1.62.2-cp311-cp311-win_amd64.whl", hash = "sha256:112eaa7865dd9e6d7c0556c8b04ae3c3a2dc35d62ad3373ab7f6a562d8199200"},
    {file = "grpcio-1.62.2-cp312-cp312-linux_armv7l.whl", hash = "sha256:65034473fc09628a02fb85f26e73885cf1ed39ebd9cf270247b38689ff5942c5"},
    {file = "grpcio-1.62.2-cp312-cp312-macosx_10_10_universal2.whl", hash = "sha256:d2c1771d0ee3cf72d69bb5e82c6a82f27fbd504c8c782575eddb7839729fbaad"},
    {file = "grpcio-1.62.2-cp312-cp312-manylinux_2_17_aarch64.whl", hash = "sha256:3abe6838196da518863b5d549938ce3159d809218936851b395b09cad9b5d64a"},
    {file = "grpcio-1.62.2-cp312-cp312-manylinux_2_17_i686.manylinux2014_i686.whl", hash = "sha256:c5ffeb269f10cedb4f33142b89a061acda9f672fd1357331dbfd043422c94e9e"},
    {file = "grpcio-1.62.2-cp312-cp312-manylinux_2_17_x86_64.manylinux2014_x86_64.whl", hash = "sha256:404d3b4b6b142b99ba1cff0b2177d26b623101ea2ce51c25ef6e53d9d0d87bcc"},
    {file = "grpcio-1.62.2-cp312-cp312-musllinux_1_1_i686.whl", hash = "sha256:262cda97efdabb20853d3b5a4c546a535347c14b64c017f628ca0cc7fa780cc6"},
    {file = "grpcio-1.62.2-cp312-cp312-musllinux_1_1_x86_64.whl", hash = "sha256:17708db5b11b966373e21519c4c73e5a750555f02fde82276ea2a267077c68ad"},
    {file = "grpcio-1.62.2-cp312-cp312-win32.whl", hash = "sha256:b7ec9e2f8ffc8436f6b642a10019fc513722858f295f7efc28de135d336ac189"},
    {file = "grpcio-1.62.2-cp312-cp312-win_amd64.whl", hash = "sha256:aa787b83a3cd5e482e5c79be030e2b4a122ecc6c5c6c4c42a023a2b581fdf17b"},
    {file = "grpcio-1.62.2-cp37-cp37m-linux_armv7l.whl", hash = "sha256:cfd23ad29bfa13fd4188433b0e250f84ec2c8ba66b14a9877e8bce05b524cf54"},
    {file = "grpcio-1.62.2-cp37-cp37m-macosx_10_10_universal2.whl", hash = "sha256:af15e9efa4d776dfcecd1d083f3ccfb04f876d613e90ef8432432efbeeac689d"},
    {file = "grpcio-1.62.2-cp37-cp37m-manylinux_2_17_aarch64.whl", hash = "sha256:f4aa94361bb5141a45ca9187464ae81a92a2a135ce2800b2203134f7a1a1d479"},
    {file = "grpcio-1.62.2-cp37-cp37m-manylinux_2_17_i686.manylinux2014_i686.whl", hash = "sha256:82af3613a219512a28ee5c95578eb38d44dd03bca02fd918aa05603c41018051"},
    {file = "grpcio-1.62.2-cp37-cp37m-manylinux_2_17_x86_64.manylinux2014_x86_64.whl", hash = "sha256:55ddaf53474e8caeb29eb03e3202f9d827ad3110475a21245f3c7712022882a9"},
    {file = "grpcio-1.62.2-cp37-cp37m-musllinux_1_1_i686.whl", hash = "sha256:c79b518c56dddeec79e5500a53d8a4db90da995dfe1738c3ac57fe46348be049"},
    {file = "grpcio-1.62.2-cp37-cp37m-musllinux_1_1_x86_64.whl", hash = "sha256:a5eb4844e5e60bf2c446ef38c5b40d7752c6effdee882f716eb57ae87255d20a"},
    {file = "grpcio-1.62.2-cp37-cp37m-win_amd64.whl", hash = "sha256:aaae70364a2d1fb238afd6cc9fcb10442b66e397fd559d3f0968d28cc3ac929c"},
    {file = "grpcio-1.62.2-cp38-cp38-linux_armv7l.whl", hash = "sha256:1bcfe5070e4406f489e39325b76caeadab28c32bf9252d3ae960c79935a4cc36"},
    {file = "grpcio-1.62.2-cp38-cp38-macosx_10_10_universal2.whl", hash = "sha256:da6a7b6b938c15fa0f0568e482efaae9c3af31963eec2da4ff13a6d8ec2888e4"},
    {file = "grpcio-1.62.2-cp38-cp38-manylinux_2_17_aarch64.whl", hash = "sha256:41955b641c34db7d84db8d306937b72bc4968eef1c401bea73081a8d6c3d8033"},
    {file = "grpcio-1.62.2-cp38-cp38-manylinux_2_17_i686.manylinux2014_i686.whl", hash = "sha256:c772f225483905f675cb36a025969eef9712f4698364ecd3a63093760deea1bc"},
    {file = "grpcio-1.62.2-cp38-cp38-manylinux_2_17_x86_64.manylinux2014_x86_64.whl", hash = "sha256:07ce1f775d37ca18c7a141300e5b71539690efa1f51fe17f812ca85b5e73262f"},
    {file = "grpcio-1.62.2-cp38-cp38-musllinux_1_1_i686.whl", hash = "sha256:26f415f40f4a93579fd648f48dca1c13dfacdfd0290f4a30f9b9aeb745026811"},
    {file = "grpcio-1.62.2-cp38-cp38-musllinux_1_1_x86_64.whl", hash = "sha256:db707e3685ff16fc1eccad68527d072ac8bdd2e390f6daa97bc394ea7de4acea"},
    {file = "grpcio-1.62.2-cp38-cp38-win32.whl", hash = "sha256:589ea8e75de5fd6df387de53af6c9189c5231e212b9aa306b6b0d4f07520fbb9"},
    {file = "grpcio-1.62.2-cp38-cp38-win_amd64.whl", hash = "sha256:3c3ed41f4d7a3aabf0f01ecc70d6b5d00ce1800d4af652a549de3f7cf35c4abd"},
    {file = "grpcio-1.62.2-cp39-cp39-linux_armv7l.whl", hash = "sha256:162ccf61499c893831b8437120600290a99c0bc1ce7b51f2c8d21ec87ff6af8b"},
    {file = "grpcio-1.62.2-cp39-cp39-macosx_10_10_universal2.whl", hash = "sha256:f27246d7da7d7e3bd8612f63785a7b0c39a244cf14b8dd9dd2f2fab939f2d7f1"},
    {file = "grpcio-1.62.2-cp39-cp39-manylinux_2_17_aarch64.whl", hash = "sha256:2507006c8a478f19e99b6fe36a2464696b89d40d88f34e4b709abe57e1337467"},
    {file = "grpcio-1.62.2-cp39-cp39-manylinux_2_17_i686.manylinux2014_i686.whl", hash = "sha256:a90ac47a8ce934e2c8d71e317d2f9e7e6aaceb2d199de940ce2c2eb611b8c0f4"},
    {file = "grpcio-1.62.2-cp39-cp39-manylinux_2_17_x86_64.manylinux2014_x86_64.whl", hash = "sha256:99701979bcaaa7de8d5f60476487c5df8f27483624f1f7e300ff4669ee44d1f2"},
    {file = "grpcio-1.62.2-cp39-cp39-musllinux_1_1_i686.whl", hash = "sha256:af7dc3f7a44f10863b1b0ecab4078f0a00f561aae1edbd01fd03ad4dcf61c9e9"},
    {file = "grpcio-1.62.2-cp39-cp39-musllinux_1_1_x86_64.whl", hash = "sha256:fa63245271920786f4cb44dcada4983a3516be8f470924528cf658731864c14b"},
    {file = "grpcio-1.62.2-cp39-cp39-win32.whl", hash = "sha256:c6ad9c39704256ed91a1cffc1379d63f7d0278d6a0bad06b0330f5d30291e3a3"},
    {file = "grpcio-1.62.2-cp39-cp39-win_amd64.whl", hash = "sha256:16da954692fd61aa4941fbeda405a756cd96b97b5d95ca58a92547bba2c1624f"},
    {file = "grpcio-1.62.2.tar.gz", hash = "sha256:c77618071d96b7a8be2c10701a98537823b9c65ba256c0b9067e0594cdbd954d"},
]

[package.extras]
protobuf = ["grpcio-tools (>=1.62.2)"]

[[package]]
name = "izihawa-utils"
version = "1.2.1"
description = ""
optional = false
python-versions = ">=3.8,<4.0"
files = [
    {file = "izihawa_utils-1.2.1-py3-none-any.whl", hash = "sha256:9834e4942bed7c40361297844f566dbe91d95095d2ac8ed2b4389994cbc185ab"},
    {file = "izihawa_utils-1.2.1.tar.gz", hash = "sha256:81ceb2ec481f60f4ecaadaa27d1792e71df605f7c40d38af3898fbe04cd8e64c"},
]

[[package]]
name = "orjson"
version = "3.10.1"
description = "Fast, correct Python JSON library supporting dataclasses, datetimes, and numpy"
optional = false
python-versions = ">=3.8"
files = [
    {file = "orjson-3.10.1-cp310-cp310-macosx_10_15_x86_64.macosx_11_0_arm64.macosx_10_15_universal2.whl", hash = "sha256:8ec2fc456d53ea4a47768f622bb709be68acd455b0c6be57e91462259741c4f3"},
    {file = "orjson-3.10.1-cp310-cp310-manylinux_2_17_aarch64.manylinux2014_aarch64.whl", hash = "sha256:2e900863691d327758be14e2a491931605bd0aded3a21beb6ce133889830b659"},
    {file = "orjson-3.10.1-cp310-cp310-manylinux_2_17_armv7l.manylinux2014_armv7l.whl", hash = "sha256:ab6ecbd6fe57785ebc86ee49e183f37d45f91b46fc601380c67c5c5e9c0014a2"},
    {file = "orjson-3.10.1-cp310-cp310-manylinux_2_17_ppc64le.manylinux2014_ppc64le.whl", hash = "sha256:8af7c68b01b876335cccfb4eee0beef2b5b6eae1945d46a09a7c24c9faac7a77"},
    {file = "orjson-3.10.1-cp310-cp310-manylinux_2_17_s390x.manylinux2014_s390x.whl", hash = "sha256:915abfb2e528677b488a06eba173e9d7706a20fdfe9cdb15890b74ef9791b85e"},
    {file = "orjson-3.10.1-cp310-cp310-manylinux_2_17_x86_64.manylinux2014_x86_64.whl", hash = "sha256:fe3fd4a36eff9c63d25503b439531d21828da9def0059c4f472e3845a081aa0b"},
    {file = "orjson-3.10.1-cp310-cp310-musllinux_1_2_aarch64.whl", hash = "sha256:d229564e72cfc062e6481a91977a5165c5a0fdce11ddc19ced8471847a67c517"},
    {file = "orjson-3.10.1-cp310-cp310-musllinux_1_2_x86_64.whl", hash = "sha256:9e00495b18304173ac843b5c5fbea7b6f7968564d0d49bef06bfaeca4b656f4e"},
    {file = "orjson-3.10.1-cp310-none-win32.whl", hash = "sha256:fd78ec55179545c108174ba19c1795ced548d6cac4d80d014163033c047ca4ea"},
    {file = "orjson-3.10.1-cp310-none-win_amd64.whl", hash = "sha256:50ca42b40d5a442a9e22eece8cf42ba3d7cd4cd0f2f20184b4d7682894f05eec"},
    {file = "orjson-3.10.1-cp311-cp311-macosx_10_15_x86_64.macosx_11_0_arm64.macosx_10_15_universal2.whl", hash = "sha256:b345a3d6953628df2f42502297f6c1e1b475cfbf6268013c94c5ac80e8abc04c"},
    {file = "orjson-3.10.1-cp311-cp311-manylinux_2_17_aarch64.manylinux2014_aarch64.whl", hash = "sha256:caa7395ef51af4190d2c70a364e2f42138e0e5fcb4bc08bc9b76997659b27dab"},
    {file = "orjson-3.10.1-cp311-cp311-manylinux_2_17_armv7l.manylinux2014_armv7l.whl", hash = "sha256:b01d701decd75ae092e5f36f7b88a1e7a1d3bb7c9b9d7694de850fb155578d5a"},
    {file = "orjson-3.10.1-cp311-cp311-manylinux_2_17_ppc64le.manylinux2014_ppc64le.whl", hash = "sha256:b5028981ba393f443d8fed9049211b979cadc9d0afecf162832f5a5b152c6297"},
    {file = "orjson-3.10.1-cp311-cp311-manylinux_2_17_s390x.manylinux2014_s390x.whl", hash = "sha256:31ff6a222ea362b87bf21ff619598a4dc1106aaafaea32b1c4876d692891ec27"},
    {file = "orjson-3.10.1-cp311-cp311-manylinux_2_17_x86_64.manylinux2014_x86_64.whl", hash = "sha256:e852a83d7803d3406135fb7a57cf0c1e4a3e73bac80ec621bd32f01c653849c5"},
    {file = "orjson-3.10.1-cp311-cp311-musllinux_1_2_aarch64.whl", hash = "sha256:2567bc928ed3c3fcd90998009e8835de7c7dc59aabcf764b8374d36044864f3b"},
    {file = "orjson-3.10.1-cp311-cp311-musllinux_1_2_x86_64.whl", hash = "sha256:4ce98cac60b7bb56457bdd2ed7f0d5d7f242d291fdc0ca566c83fa721b52e92d"},
    {file = "orjson-3.10.1-cp311-none-win32.whl", hash = "sha256:813905e111318acb356bb8029014c77b4c647f8b03f314e7b475bd9ce6d1a8ce"},
    {file = "orjson-3.10.1-cp311-none-win_amd64.whl", hash = "sha256:03a3ca0b3ed52bed1a869163a4284e8a7b0be6a0359d521e467cdef7e8e8a3ee"},
    {file = "orjson-3.10.1-cp312-cp312-macosx_10_15_x86_64.macosx_11_0_arm64.macosx_10_15_universal2.whl", hash = "sha256:f02c06cee680b1b3a8727ec26c36f4b3c0c9e2b26339d64471034d16f74f4ef5"},
    {file = "orjson-3.10.1-cp312-cp312-manylinux_2_17_aarch64.manylinux2014_aarch64.whl", hash = "sha256:b1aa2f127ac546e123283e437cc90b5ecce754a22306c7700b11035dad4ccf85"},
    {file = "orjson-3.10.1-cp312-cp312-manylinux_2_17_armv7l.manylinux2014_armv7l.whl", hash = "sha256:2cf29b4b74f585225196944dffdebd549ad2af6da9e80db7115984103fb18a96"},
    {file = "orjson-3.10.1-cp312-cp312-manylinux_2_17_ppc64le.manylinux2014_ppc64le.whl", hash = "sha256:a1b130c20b116f413caf6059c651ad32215c28500dce9cd029a334a2d84aa66f"},
    {file = "orjson-3.10.1-cp312-cp312-manylinux_2_17_s390x.manylinux2014_s390x.whl", hash = "sha256:d31f9a709e6114492136e87c7c6da5e21dfedebefa03af85f3ad72656c493ae9"},
    {file = "orjson-3.10.1-cp312-cp312-manylinux_2_17_x86_64.manylinux2014_x86_64.whl", hash = "sha256:5d1d169461726f271ab31633cf0e7e7353417e16fb69256a4f8ecb3246a78d6e"},
    {file = "orjson-3.10.1-cp312-cp312-musllinux_1_2_aarch64.whl", hash = "sha256:57c294d73825c6b7f30d11c9e5900cfec9a814893af7f14efbe06b8d0f25fba9"},
    {file = "orjson-3.10.1-cp312-cp312-musllinux_1_2_x86_64.whl", hash = "sha256:d7f11dbacfa9265ec76b4019efffabaabba7a7ebf14078f6b4df9b51c3c9a8ea"},
    {file = "orjson-3.10.1-cp312-none-win32.whl", hash = "sha256:d89e5ed68593226c31c76ab4de3e0d35c760bfd3fbf0a74c4b2be1383a1bf123"},
    {file = "orjson-3.10.1-cp312-none-win_amd64.whl", hash = "sha256:aa76c4fe147fd162107ce1692c39f7189180cfd3a27cfbc2ab5643422812da8e"},
    {file = "orjson-3.10.1-cp38-cp38-macosx_10_15_x86_64.macosx_11_0_arm64.macosx_10_15_universal2.whl", hash = "sha256:a2c6a85c92d0e494c1ae117befc93cf8e7bca2075f7fe52e32698da650b2c6d1"},
    {file = "orjson-3.10.1-cp38-cp38-manylinux_2_17_aarch64.manylinux2014_aarch64.whl", hash = "sha256:9813f43da955197d36a7365eb99bed42b83680801729ab2487fef305b9ced866"},
    {file = "orjson-3.10.1-cp38-cp38-manylinux_2_17_armv7l.manylinux2014_armv7l.whl", hash = "sha256:ec917b768e2b34b7084cb6c68941f6de5812cc26c6f1a9fecb728e36a3deb9e8"},
    {file = "orjson-3.10.1-cp38-cp38-manylinux_2_17_ppc64le.manylinux2014_ppc64le.whl", hash = "sha256:5252146b3172d75c8a6d27ebca59c9ee066ffc5a277050ccec24821e68742fdf"},
    {file = "orjson-3.10.1-cp38-cp38-manylinux_2_17_s390x.manylinux2014_s390x.whl", hash = "sha256:536429bb02791a199d976118b95014ad66f74c58b7644d21061c54ad284e00f4"},
    {file = "orjson-3.10.1-cp38-cp38-manylinux_2_17_x86_64.manylinux2014_x86_64.whl", hash = "sha256:7dfed3c3e9b9199fb9c3355b9c7e4649b65f639e50ddf50efdf86b45c6de04b5"},
    {file = "orjson-3.10.1-cp38-cp38-musllinux_1_2_aarch64.whl", hash = "sha256:2b230ec35f188f003f5b543644ae486b2998f6afa74ee3a98fc8ed2e45960afc"},
    {file = "orjson-3.10.1-cp38-cp38-musllinux_1_2_x86_64.whl", hash = "sha256:01234249ba19c6ab1eb0b8be89f13ea21218b2d72d496ef085cfd37e1bae9dd8"},
    {file = "orjson-3.10.1-cp38-none-win32.whl", hash = "sha256:8a884fbf81a3cc22d264ba780920d4885442144e6acaa1411921260416ac9a54"},
    {file = "orjson-3.10.1-cp38-none-win_amd64.whl", hash = "sha256:dab5f802d52b182163f307d2b1f727d30b1762e1923c64c9c56dd853f9671a49"},
    {file = "orjson-3.10.1-cp39-cp39-macosx_10_15_x86_64.macosx_11_0_arm64.macosx_10_15_universal2.whl", hash = "sha256:a51fd55d4486bc5293b7a400f9acd55a2dc3b5fc8420d5ffe9b1d6bb1a056a5e"},
    {file = "orjson-3.10.1-cp39-cp39-manylinux_2_17_aarch64.manylinux2014_aarch64.whl", hash = "sha256:53521542a6db1411b3bfa1b24ddce18605a3abdc95a28a67b33f9145f26aa8f2"},
    {file = "orjson-3.10.1-cp39-cp39-manylinux_2_17_armv7l.manylinux2014_armv7l.whl", hash = "sha256:27d610df96ac18ace4931411d489637d20ab3b8f63562b0531bba16011998db0"},
    {file = "orjson-3.10.1-cp39-cp39-manylinux_2_17_ppc64le.manylinux2014_ppc64le.whl", hash = "sha256:79244b1456e5846d44e9846534bd9e3206712936d026ea8e6a55a7374d2c0694"},
    {file = "orjson-3.10.1-cp39-cp39-manylinux_2_17_s390x.manylinux2014_s390x.whl", hash = "sha256:d751efaa8a49ae15cbebdda747a62a9ae521126e396fda8143858419f3b03610"},
    {file = "orjson-3.10.1-cp39-cp39-manylinux_2_17_x86_64.manylinux2014_x86_64.whl", hash = "sha256:27ff69c620a4fff33267df70cfd21e0097c2a14216e72943bd5414943e376d77"},
    {file = "orjson-3.10.1-cp39-cp39-musllinux_1_2_aarch64.whl", hash = "sha256:ebc58693464146506fde0c4eb1216ff6d4e40213e61f7d40e2f0dde9b2f21650"},
    {file = "orjson-3.10.1-cp39-cp39-musllinux_1_2_x86_64.whl", hash = "sha256:5be608c3972ed902e0143a5b8776d81ac1059436915d42defe5c6ae97b3137a4"},
    {file = "orjson-3.10.1-cp39-none-win32.whl", hash = "sha256:4ae10753e7511d359405aadcbf96556c86e9dbf3a948d26c2c9f9a150c52b091"},
    {file = "orjson-3.10.1-cp39-none-win_amd64.whl", hash = "sha256:fb5bc4caa2c192077fdb02dce4e5ef8639e7f20bec4e3a834346693907362932"},
    {file = "orjson-3.10.1.tar.gz", hash = "sha256:a883b28d73370df23ed995c466b4f6c708c1f7a9bdc400fe89165c96c7603204"},
]

[[package]]
name = "protobuf"
version = "5.26.1"
description = ""
optional = false
python-versions = ">=3.8"
files = [
    {file = "protobuf-5.26.1-cp310-abi3-win32.whl", hash = "sha256:3c388ea6ddfe735f8cf69e3f7dc7611e73107b60bdfcf5d0f024c3ccd3794e23"},
    {file = "protobuf-5.26.1-cp310-abi3-win_amd64.whl", hash = "sha256:e6039957449cb918f331d32ffafa8eb9255769c96aa0560d9a5bf0b4e00a2a33"},
    {file = "protobuf-5.26.1-cp37-abi3-macosx_10_9_universal2.whl", hash = "sha256:38aa5f535721d5bb99861166c445c4105c4e285c765fbb2ac10f116e32dcd46d"},
    {file = "protobuf-5.26.1-cp37-abi3-manylinux2014_aarch64.whl", hash = "sha256:fbfe61e7ee8c1860855696e3ac6cfd1b01af5498facc6834fcc345c9684fb2ca"},
    {file = "protobuf-5.26.1-cp37-abi3-manylinux2014_x86_64.whl", hash = "sha256:f7417703f841167e5a27d48be13389d52ad705ec09eade63dfc3180a959215d7"},
    {file = "protobuf-5.26.1-cp38-cp38-win32.whl", hash = "sha256:d693d2504ca96750d92d9de8a103102dd648fda04540495535f0fec7577ed8fc"},
    {file = "protobuf-5.26.1-cp38-cp38-win_amd64.whl", hash = "sha256:9b557c317ebe6836835ec4ef74ec3e994ad0894ea424314ad3552bc6e8835b4e"},
    {file = "protobuf-5.26.1-cp39-cp39-win32.whl", hash = "sha256:b9ba3ca83c2e31219ffbeb9d76b63aad35a3eb1544170c55336993d7a18ae72c"},
    {file = "protobuf-5.26.1-cp39-cp39-win_amd64.whl", hash = "sha256:7ee014c2c87582e101d6b54260af03b6596728505c79f17c8586e7523aaa8f8c"},
    {file = "protobuf-5.26.1-py3-none-any.whl", hash = "sha256:da612f2720c0183417194eeaa2523215c4fcc1a1949772dc65f05047e08d5932"},
    {file = "protobuf-5.26.1.tar.gz", hash = "sha256:8ca2a1d97c290ec7b16e4e5dff2e5ae150cc1582f55b5ab300d45cb0dfa90e51"},
]

[[package]]
name = "pyyaml"
version = "6.0.1"
description = "YAML parser and emitter for Python"
optional = false
python-versions = ">=3.6"
files = [
    {file = "PyYAML-6.0.1-cp310-cp310-macosx_10_9_x86_64.whl", hash = "sha256:d858aa552c999bc8a8d57426ed01e40bef403cd8ccdd0fc5f6f04a00414cac2a"},
    {file = "PyYAML-6.0.1-cp310-cp310-macosx_11_0_arm64.whl", hash = "sha256:fd66fc5d0da6d9815ba2cebeb4205f95818ff4b79c3ebe268e75d961704af52f"},
    {file = "PyYAML-6.0.1-cp310-cp310-manylinux_2_17_aarch64.manylinux2014_aarch64.whl", hash = "sha256:69b023b2b4daa7548bcfbd4aa3da05b3a74b772db9e23b982788168117739938"},
    {file = "PyYAML-6.0.1-cp310-cp310-manylinux_2_17_s390x.manylinux2014_s390x.whl", hash = "sha256:81e0b275a9ecc9c0c0c07b4b90ba548307583c125f54d5b6946cfee6360c733d"},
    {file = "PyYAML-6.0.1-cp310-cp310-manylinux_2_17_x86_64.manylinux2014_x86_64.whl", hash = "sha256:ba336e390cd8e4d1739f42dfe9bb83a3cc2e80f567d8805e11b46f4a943f5515"},
    {file = "PyYAML-6.0.1-cp310-cp310-musllinux_1_1_x86_64.whl", hash = "sha256:326c013efe8048858a6d312ddd31d56e468118ad4cdeda36c719bf5bb6192290"},
    {file = "PyYAML-6.0.1-cp310-cp310-win32.whl", hash = "sha256:bd4af7373a854424dabd882decdc5579653d7868b8fb26dc7d0e99f823aa5924"},
    {file = "PyYAML-6.0.1-cp310-cp310-win_amd64.whl", hash = "sha256:fd1592b3fdf65fff2ad0004b5e363300ef59ced41c2e6b3a99d4089fa8c5435d"},
    {file = "PyYAML-6.0.1-cp311-cp311-macosx_10_9_x86_64.whl", hash = "sha256:6965a7bc3cf88e5a1c3bd2e0b5c22f8d677dc88a455344035f03399034eb3007"},
    {file = "PyYAML-6.0.1-cp311-cp311-macosx_11_0_arm64.whl", hash = "sha256:f003ed9ad21d6a4713f0a9b5a7a0a79e08dd0f221aff4525a2be4c346ee60aab"},
    {file = "PyYAML-6.0.1-cp311-cp311-manylinux_2_17_aarch64.manylinux2014_aarch64.whl", hash = "sha256:42f8152b8dbc4fe7d96729ec2b99c7097d656dc1213a3229ca5383f973a5ed6d"},
    {file = "PyYAML-6.0.1-cp311-cp311-manylinux_2_17_s390x.manylinux2014_s390x.whl", hash = "sha256:062582fca9fabdd2c8b54a3ef1c978d786e0f6b3a1510e0ac93ef59e0ddae2bc"},
    {file = "PyYAML-6.0.1-cp311-cp311-manylinux_2_17_x86_64.manylinux2014_x86_64.whl", hash = "sha256:d2b04aac4d386b172d5b9692e2d2da8de7bfb6c387fa4f801fbf6fb2e6ba4673"},
    {file = "PyYAML-6.0.1-cp311-cp311-musllinux_1_1_x86_64.whl", hash = "sha256:e7d73685e87afe9f3b36c799222440d6cf362062f78be1013661b00c5c6f678b"},
    {file = "PyYAML-6.0.1-cp311-cp311-win32.whl", hash = "sha256:1635fd110e8d85d55237ab316b5b011de701ea0f29d07611174a1b42f1444741"},
    {file = "PyYAML-6.0.1-cp311-cp311-win_amd64.whl", hash = "sha256:bf07ee2fef7014951eeb99f56f39c9bb4af143d8aa3c21b1677805985307da34"},
    {file = "PyYAML-6.0.1-cp312-cp312-macosx_10_9_x86_64.whl", hash = "sha256:855fb52b0dc35af121542a76b9a84f8d1cd886ea97c84703eaa6d88e37a2ad28"},
    {file = "PyYAML-6.0.1-cp312-cp312-macosx_11_0_arm64.whl", hash = "sha256:40df9b996c2b73138957fe23a16a4f0ba614f4c0efce1e9406a184b6d07fa3a9"},
    {file = "PyYAML-6.0.1-cp312-cp312-manylinux_2_17_x86_64.manylinux2014_x86_64.whl", hash = "sha256:6c22bec3fbe2524cde73d7ada88f6566758a8f7227bfbf93a408a9d86bcc12a0"},
    {file = "PyYAML-6.0.1-cp312-cp312-musllinux_1_1_x86_64.whl", hash = "sha256:8d4e9c88387b0f5c7d5f281e55304de64cf7f9c0021a3525bd3b1c542da3b0e4"},
    {file = "PyYAML-6.0.1-cp312-cp312-win32.whl", hash = "sha256:d483d2cdf104e7c9fa60c544d92981f12ad66a457afae824d146093b8c294c54"},
    {file = "PyYAML-6.0.1-cp312-cp312-win_amd64.whl", hash = "sha256:0d3304d8c0adc42be59c5f8a4d9e3d7379e6955ad754aa9d6ab7a398b59dd1df"},
    {file = "PyYAML-6.0.1-cp36-cp36m-macosx_10_9_x86_64.whl", hash = "sha256:50550eb667afee136e9a77d6dc71ae76a44df8b3e51e41b77f6de2932bfe0f47"},
    {file = "PyYAML-6.0.1-cp36-cp36m-manylinux_2_17_aarch64.manylinux2014_aarch64.whl", hash = "sha256:1fe35611261b29bd1de0070f0b2f47cb6ff71fa6595c077e42bd0c419fa27b98"},
    {file = "PyYAML-6.0.1-cp36-cp36m-manylinux_2_17_s390x.manylinux2014_s390x.whl", hash = "sha256:704219a11b772aea0d8ecd7058d0082713c3562b4e271b849ad7dc4a5c90c13c"},
    {file = "PyYAML-6.0.1-cp36-cp36m-manylinux_2_17_x86_64.manylinux2014_x86_64.whl", hash = "sha256:afd7e57eddb1a54f0f1a974bc4391af8bcce0b444685d936840f125cf046d5bd"},
    {file = "PyYAML-6.0.1-cp36-cp36m-win32.whl", hash = "sha256:fca0e3a251908a499833aa292323f32437106001d436eca0e6e7833256674585"},
    {file = "PyYAML-6.0.1-cp36-cp36m-win_amd64.whl", hash = "sha256:f22ac1c3cac4dbc50079e965eba2c1058622631e526bd9afd45fedd49ba781fa"},
    {file = "PyYAML-6.0.1-cp37-cp37m-macosx_10_9_x86_64.whl", hash = "sha256:b1275ad35a5d18c62a7220633c913e1b42d44b46ee12554e5fd39c70a243d6a3"},
    {file = "PyYAML-6.0.1-cp37-cp37m-manylinux_2_17_aarch64.manylinux2014_aarch64.whl", hash = "sha256:18aeb1bf9a78867dc38b259769503436b7c72f7a1f1f4c93ff9a17de54319b27"},
    {file = "PyYAML-6.0.1-cp37-cp37m-manylinux_2_17_s390x.manylinux2014_s390x.whl", hash = "sha256:596106435fa6ad000c2991a98fa58eeb8656ef2325d7e158344fb33864ed87e3"},
    {file = "PyYAML-6.0.1-cp37-cp37m-manylinux_2_17_x86_64.manylinux2014_x86_64.whl", hash = "sha256:baa90d3f661d43131ca170712d903e6295d1f7a0f595074f151c0aed377c9b9c"},
    {file = "PyYAML-6.0.1-cp37-cp37m-win32.whl", hash = "sha256:9046c58c4395dff28dd494285c82ba00b546adfc7ef001486fbf0324bc174fba"},
    {file = "PyYAML-6.0.1-cp37-cp37m-win_amd64.whl", hash = "sha256:4fb147e7a67ef577a588a0e2c17b6db51dda102c71de36f8549b6816a96e1867"},
    {file = "PyYAML-6.0.1-cp38-cp38-macosx_10_9_x86_64.whl", hash = "sha256:1d4c7e777c441b20e32f52bd377e0c409713e8bb1386e1099c2415f26e479595"},
    {file = "PyYAML-6.0.1-cp38-cp38-manylinux_2_17_aarch64.manylinux2014_aarch64.whl", hash = "sha256:a0cd17c15d3bb3fa06978b4e8958dcdc6e0174ccea823003a106c7d4d7899ac5"},
    {file = "PyYAML-6.0.1-cp38-cp38-manylinux_2_17_s390x.manylinux2014_s390x.whl", hash = "sha256:28c119d996beec18c05208a8bd78cbe4007878c6dd15091efb73a30e90539696"},
    {file = "PyYAML-6.0.1-cp38-cp38-manylinux_2_17_x86_64.manylinux2014_x86_64.whl", hash = "sha256:7e07cbde391ba96ab58e532ff4803f79c4129397514e1413a7dc761ccd755735"},
    {file = "PyYAML-6.0.1-cp38-cp38-musllinux_1_1_x86_64.whl", hash = "sha256:49a183be227561de579b4a36efbb21b3eab9651dd81b1858589f796549873dd6"},
    {file = "PyYAML-6.0.1-cp38-cp38-win32.whl", hash = "sha256:184c5108a2aca3c5b3d3bf9395d50893a7ab82a38004c8f61c258d4428e80206"},
    {file = "PyYAML-6.0.1-cp38-cp38-win_amd64.whl", hash = "sha256:1e2722cc9fbb45d9b87631ac70924c11d3a401b2d7f410cc0e3bbf249f2dca62"},
    {file = "PyYAML-6.0.1-cp39-cp39-macosx_10_9_x86_64.whl", hash = "sha256:9eb6caa9a297fc2c2fb8862bc5370d0303ddba53ba97e71f08023b6cd73d16a8"},
    {file = "PyYAML-6.0.1-cp39-cp39-macosx_11_0_arm64.whl", hash = "sha256:c8098ddcc2a85b61647b2590f825f3db38891662cfc2fc776415143f599bb859"},
    {file = "PyYAML-6.0.1-cp39-cp39-manylinux_2_17_aarch64.manylinux2014_aarch64.whl", hash = "sha256:5773183b6446b2c99bb77e77595dd486303b4faab2b086e7b17bc6bef28865f6"},
    {file = "PyYAML-6.0.1-cp39-cp39-manylinux_2_17_s390x.manylinux2014_s390x.whl", hash = "sha256:b786eecbdf8499b9ca1d697215862083bd6d2a99965554781d0d8d1ad31e13a0"},
    {file = "PyYAML-6.0.1-cp39-cp39-manylinux_2_17_x86_64.manylinux2014_x86_64.whl", hash = "sha256:bc1bf2925a1ecd43da378f4db9e4f799775d6367bdb94671027b73b393a7c42c"},
    {file = "PyYAML-6.0.1-cp39-cp39-musllinux_1_1_x86_64.whl", hash = "sha256:04ac92ad1925b2cff1db0cfebffb6ffc43457495c9b3c39d3fcae417d7125dc5"},
    {file = "PyYAML-6.0.1-cp39-cp39-win32.whl", hash = "sha256:faca3bdcf85b2fc05d06ff3fbc1f83e1391b3e724afa3feba7d13eeab355484c"},
    {file = "PyYAML-6.0.1-cp39-cp39-win_amd64.whl", hash = "sha256:510c9deebc5c0225e8c96813043e62b680ba2f9c50a08d3724c7f28a747d1486"},
    {file = "PyYAML-6.0.1.tar.gz", hash = "sha256:bfdf460b1736c775f2ba9f6a92bca30bc2095067b8a9d77876d1fad6cc3b4a43"},
]

[[package]]
name = "termcolor"
version = "2.4.0"
description = "ANSI color formatting for output in terminal"
optional = false
python-versions = ">=3.8"
files = [
    {file = "termcolor-2.4.0-py3-none-any.whl", hash = "sha256:9297c0df9c99445c2412e832e882a7884038a25617c60cea2ad69488d4040d63"},
    {file = "termcolor-2.4.0.tar.gz", hash = "sha256:aab9e56047c8ac41ed798fa36d892a37aca6b3e9159f3e0c24bc64a9b3ac7b7a"},
]

[package.extras]
tests = ["pytest", "pytest-cov"]

[metadata]
lock-version = "2.0"
python-versions = "^3.9"
content-hash = "0e863806e996021960e66d7364d623a07311e28129e72509828fab4737f22ebc"
